
Microsoft Visual Studio Solution File, Format Version 12.00
# Visual Studio Version 17
VisualStudioVersion = 17.2.32602.215
MinimumVisualStudioVersion = 10.0.40219.1
Project("{FAE04EC0-301F-11D3-BF4B-00C04F79EFBC}") = "RESTapiTest", "RESTapiTest\RESTapiTest.csproj", "{0345BA3B-71CC-4864-8C2B-5E546F8C1A81}"
EndProject
Global
	GlobalSection(SolutionConfigurationPlatforms) = preSolution
		Debug|Any CPU = Debug|Any CPU
		Release|Any CPU = Release|Any CPU
	EndGlobalSection
	GlobalSection(ProjectConfigurationPlatforms) = postSolution
		{0345BA3B-71CC-4864-8C2B-5E546F8C1A81}.Debug|Any CPU.ActiveCfg = Debug|Any CPU
		{0345BA3B-71CC-4864-8C2B-5E546F8C1A81}.Debug|Any CPU.Build.0 = Debug|Any CPU
		{0345BA3B-71CC-4864-8C2B-5E546F8C1A81}.Release|Any CPU.ActiveCfg = Release|Any CPU
		{0345BA3B-71CC-4864-8C2B-5E546F8C1A81}.Release|Any CPU.Build.0 = Release|Any CPU
	EndGlobalSection
	GlobalSection(SolutionProperties) = preSolution
		HideSolutionNode = FALSE
	EndGlobalSection
	GlobalSection(ExtensibilityGlobals) = postSolution
		SolutionGuid = {7A998966-F949-414D-BD35-8738419B18FD}
	EndGlobalSection
EndGlobal
